
Microsoft Visual Studio Solution File, Format Version 12.00
# Visual Studio Version 16
VisualStudioVersion = 16.0.29102.190
MinimumVisualStudioVersion = 10.0.40219.1
Project("{FAE04EC0-301F-11D3-BF4B-00C04F79EFBC}") = "examen", "examen\examen.csproj", "{B3AF4888-2EB4-472E-8CC2-2D625F92FA01}"
EndProject
Global
	GlobalSection(SolutionConfigurationPlatforms) = preSolution
		Debug|Any CPU = Debug|Any CPU
		Release|Any CPU = Release|Any CPU
	EndGlobalSection
	GlobalSection(ProjectConfigurationPlatforms) = postSolution
		{B3AF4888-2EB4-472E-8CC2-2D625F92FA01}.Debug|Any CPU.ActiveCfg = Debug|Any CPU
		{B3AF4888-2EB4-472E-8CC2-2D625F92FA01}.Debug|Any CPU.Build.0 = Debug|Any CPU
		{B3AF4888-2EB4-472E-8CC2-2D625F92FA01}.Release|Any CPU.ActiveCfg = Release|Any CPU
		{B3AF4888-2EB4-472E-8CC2-2D625F92FA01}.Release|Any CPU.Build.0 = Release|Any CPU
	EndGlobalSection
	GlobalSection(SolutionProperties) = preSolution
		HideSolutionNode = FALSE
	EndGlobalSection
	GlobalSection(ExtensibilityGlobals) = postSolution
		SolutionGuid = {1B05413A-5087-4888-9C7A-7C55CF22A9AE}
	EndGlobalSection
EndGlobal
